
Microsoft Visual Studio Solution File, Format Version 12.00
# Visual Studio Version 16
VisualStudioVersion = 16.0.28922.388
MinimumVisualStudioVersion = 10.0.40219.1
Project("{FAE04EC0-301F-11D3-BF4B-00C04F79EFBC}") = "App4.Android", "App4\App4.Android\App4.Android.csproj", "{0953EFCA-65BE-428D-84D2-AD775D36D76A}"
EndProject
Project("{FAE04EC0-301F-11D3-BF4B-00C04F79EFBC}") = "App4.iOS", "App4\App4.iOS\App4.iOS.csproj", "{60D103A3-B02F-49A6-AF01-48DDB83AF429}"
EndProject
Project("{FAE04EC0-301F-11D3-BF4B-00C04F79EFBC}") = "App4", "App4\App4\App4.csproj", "{C207F03C-AD36-4737-BC01-E565B7113D90}"
EndProject
Global
	GlobalSection(SolutionConfigurationPlatforms) = preSolution
		Debug|Any CPU = Debug|Any CPU
		Debug|iPhone = Debug|iPhone
		Debug|iPhoneSimulator = Debug|iPhoneSimulator
		Release|Any CPU = Release|Any CPU
		Release|iPhone = Release|iPhone
		Release|iPhoneSimulator = Release|iPhoneSimulator
	EndGlobalSection
	GlobalSection(ProjectConfigurationPlatforms) = postSolution
		{0953EFCA-65BE-428D-84D2-AD775D36D76A}.Debug|Any CPU.ActiveCfg = Debug|Any CPU
		{0953EFCA-65BE-428D-84D2-AD775D36D76A}.Debug|Any CPU.Build.0 = Debug|Any CPU
		{0953EFCA-65BE-428D-84D2-AD775D36D76A}.Debug|Any CPU.Deploy.0 = Debug|Any CPU
		{0953EFCA-65BE-428D-84D2-AD775D36D76A}.Debug|iPhone.ActiveCfg = Debug|Any CPU
		{0953EFCA-65BE-428D-84D2-AD775D36D76A}.Debug|iPhone.Build.0 = Debug|Any CPU
		{0953EFCA-65BE-428D-84D2-AD775D36D76A}.Debug|iPhone.Deploy.0 = Debug|Any CPU
		{0953EFCA-65BE-428D-84D2-AD775D36D76A}.Debug|iPhoneSimulator.ActiveCfg = Debug|Any CPU
		{0953EFCA-65BE-428D-84D2-AD775D36D76A}.Debug|iPhoneSimulator.Build.0 = Debug|Any CPU
		{0953EFCA-65BE-428D-84D2-AD775D36D76A}.Debug|iPhoneSimulator.Deploy.0 = Debug|Any CPU
		{0953EFCA-65BE-428D-84D2-AD775D36D76A}.Release|Any CPU.ActiveCfg = Release|Any CPU
		{0953EFCA-65BE-428D-84D2-AD775D36D76A}.Release|Any CPU.Build.0 = Release|Any CPU
		{0953EFCA-65BE-428D-84D2-AD775D36D76A}.Release|Any CPU.Deploy.0 = Release|Any CPU
		{0953EFCA-65BE-428D-84D2-AD775D36D76A}.Release|iPhone.ActiveCfg = Release|Any CPU
		{0953EFCA-65BE-428D-84D2-AD775D36D76A}.Release|iPhone.Build.0 = Release|Any CPU
		{0953EFCA-65BE-428D-84D2-AD775D36D76A}.Release|iPhone.Deploy.0 = Release|Any CPU
		{0953EFCA-65BE-428D-84D2-AD775D36D76A}.Release|iPhoneSimulator.ActiveCfg = Release|Any CPU
		{0953EFCA-65BE-428D-84D2-AD775D36D76A}.Release|iPhoneSimulator.Build.0 = Release|Any CPU
		{0953EFCA-65BE-428D-84D2-AD775D36D76A}.Release|iPhoneSimulator.Deploy.0 = Release|Any CPU
		{60D103A3-B02F-49A6-AF01-48DDB83AF429}.Debug|Any CPU.ActiveCfg = Debug|iPhoneSimulator
		{60D103A3-B02F-49A6-AF01-48DDB83AF429}.Debug|Any CPU.Build.0 = Debug|iPhoneSimulator
		{60D103A3-B02F-49A6-AF01-48DDB83AF429}.Debug|Any CPU.Deploy.0 = Debug|iPhoneSimulator
		{60D103A3-B02F-49A6-AF01-48DDB83AF429}.Debug|iPhone.ActiveCfg = Debug|iPhone
		{60D103A3-B02F-49A6-AF01-48DDB83AF429}.Debug|iPhone.Build.0 = Debug|iPhone
		{60D103A3-B02F-49A6-AF01-48DDB83AF429}.Debug|iPhone.Deploy.0 = Debug|iPhone
		{60D103A3-B02F-49A6-AF01-48DDB83AF429}.Debug|iPhoneSimulator.ActiveCfg = Debug|iPhoneSimulator
		{60D103A3-B02F-49A6-AF01-48DDB83AF429}.Debug|iPhoneSimulator.Build.0 = Debug|iPhoneSimulator
		{60D103A3-B02F-49A6-AF01-48DDB83AF429}.Debug|iPhoneSimulator.Deploy.0 = Debug|iPhoneSimulator
		{60D103A3-B02F-49A6-AF01-48DDB83AF429}.Release|Any CPU.ActiveCfg = Release|iPhone
		{60D103A3-B02F-49A6-AF01-48DDB83AF429}.Release|Any CPU.Build.0 = Release|iPhone
		{60D103A3-B02F-49A6-AF01-48DDB83AF429}.Release|Any CPU.Deploy.0 = Release|iPhone
		{60D103A3-B02F-49A6-AF01-48DDB83AF429}.Release|iPhone.ActiveCfg = Release|iPhone
		{60D103A3-B02F-49A6-AF01-48DDB83AF429}.Release|iPhone.Build.0 = Release|iPhone
		{60D103A3-B02F-49A6-AF01-48DDB83AF429}.Release|iPhone.Deploy.0 = Release|iPhone
		{60D103A3-B02F-49A6-AF01-48DDB83AF429}.Release|iPhoneSimulator.ActiveCfg = Release|iPhoneSimulator
		{60D103A3-B02F-49A6-AF01-48DDB83AF429}.Release|iPhoneSimulator.Build.0 = Release|iPhoneSimulator
		{60D103A3-B02F-49A6-AF01-48DDB83AF429}.Release|iPhoneSimulator.Deploy.0 = Release|iPhoneSimulator
		{C207F03C-AD36-4737-BC01-E565B7113D90}.Debug|Any CPU.ActiveCfg = Debug|Any CPU
		{C207F03C-AD36-4737-BC01-E565B7113D90}.Debug|Any CPU.Build.0 = Debug|Any CPU
		{C207F03C-AD36-4737-BC01-E565B7113D90}.Debug|Any CPU.Deploy.0 = Debug|Any CPU
		{C207F03C-AD36-4737-BC01-E565B7113D90}.Debug|iPhone.ActiveCfg = Debug|Any CPU
		{C207F03C-AD36-4737-BC01-E565B7113D90}.Debug|iPhone.Build.0 = Debug|Any CPU
		{C207F03C-AD36-4737-BC01-E565B7113D90}.Debug|iPhone.Deploy.0 = Debug|Any CPU
		{C207F03C-AD36-4737-BC01-E565B7113D90}.Debug|iPhoneSimulator.ActiveCfg = Debug|Any CPU
		{C207F03C-AD36-4737-BC01-E565B7113D90}.Debug|iPhoneSimulator.Build.0 = Debug|Any CPU
		{C207F03C-AD36-4737-BC01-E565B7113D90}.Debug|iPhoneSimulator.Deploy.0 = Debug|Any CPU
		{C207F03C-AD36-4737-BC01-E565B7113D90}.Release|Any CPU.ActiveCfg = Release|Any CPU
		{C207F03C-AD36-4737-BC01-E565B7113D90}.Release|Any CPU.Build.0 = Release|Any CPU
		{C207F03C-AD36-4737-BC01-E565B7113D90}.Release|Any CPU.Deploy.0 = Release|Any CPU
		{C207F03C-AD36-4737-BC01-E565B7113D90}.Release|iPhone.ActiveCfg = Release|Any CPU
		{C207F03C-AD36-4737-BC01-E565B7113D90}.Release|iPhone.Build.0 = Release|Any CPU
		{C207F03C-AD36-4737-BC01-E565B7113D90}.Release|iPhone.Deploy.0 = Release|Any CPU
		{C207F03C-AD36-4737-BC01-E565B7113D90}.Release|iPhoneSimulator.ActiveCfg = Release|Any CPU
		{C207F03C-AD36-4737-BC01-E565B7113D90}.Release|iPhoneSimulator.Build.0 = Release|Any CPU
		{C207F03C-AD36-4737-BC01-E565B7113D90}.Release|iPhoneSimulator.Deploy.0 = Release|Any CPU
	EndGlobalSection
	GlobalSection(SolutionProperties) = preSolution
		HideSolutionNode = FALSE
	EndGlobalSection
	GlobalSection(ExtensibilityGlobals) = postSolution
		SolutionGuid = {B581F768-D3A8-4ED8-99E4-4B139D49E2D5}
	EndGlobalSection
EndGlobal
